
Microsoft Visual Studio Solution File, Format Version 12.00
# Visual Studio Version 17
VisualStudioVersion = 17.10.35027.167
MinimumVisualStudioVersion = 10.0.40219.1
Project("{FAE04EC0-301F-11D3-BF4B-00C04F79EFBC}") = "ConsoleApp19", "ConsoleApp19\ConsoleApp19.csproj", "{5B6B93AB-7189-41D1-833D-7BAC84057256}"
EndProject
Global
	GlobalSection(SolutionConfigurationPlatforms) = preSolution
		Debug|Any CPU = Debug|Any CPU
		Release|Any CPU = Release|Any CPU
	EndGlobalSection
	GlobalSection(ProjectConfigurationPlatforms) = postSolution
		{5B6B93AB-7189-41D1-833D-7BAC84057256}.Debug|Any CPU.ActiveCfg = Debug|Any CPU
		{5B6B93AB-7189-41D1-833D-7BAC84057256}.Debug|Any CPU.Build.0 = Debug|Any CPU
		{5B6B93AB-7189-41D1-833D-7BAC84057256}.Release|Any CPU.ActiveCfg = Release|Any CPU
		{5B6B93AB-7189-41D1-833D-7BAC84057256}.Release|Any CPU.Build.0 = Release|Any CPU
	EndGlobalSection
	GlobalSection(SolutionProperties) = preSolution
		HideSolutionNode = FALSE
	EndGlobalSection
	GlobalSection(ExtensibilityGlobals) = postSolution
		SolutionGuid = {714EB42D-43CB-4B06-8FCE-78B022B20159}
	EndGlobalSection
EndGlobal
